schema_version: 1
note: Resolved versions are also preserved in uv.lock and each run metadata record.
tools:
  seebot: 0.1.0
  python: ">=3.12"
  ruff: ">=0.12,<1"
  pylint: ">=3.3,<5"
  radon: ">=6,<7"
  interrogate: ">=1.7,<2"
  vulture: ">=2.14,<3"
  bandit: ">=1.8,<2"
  perlcritic: "PIN_AT_PILOT_FREEZE"
  perl_metrics_simple: "PIN_AT_PILOT_FREEZE"
  pod_coverage: "PIN_AT_PILOT_FREEZE"
  clang_tidy: "PIN_AT_PILOT_FREEZE"
  cppcheck: "PIN_AT_PILOT_FREEZE"
  pmccabe: "PIN_AT_PILOT_FREEZE"
  doxygen: "PIN_AT_PILOT_FREEZE"
  rust: "PIN_AT_PILOT_FREEZE"
  rust_code_analysis: "PIN_AT_PILOT_FREEZE"
  cargo_geiger: "PIN_AT_PILOT_FREEZE"
  cargo_audit: "PIN_AT_PILOT_FREEZE"
  tokei: "PIN_AT_PILOT_FREEZE"
  jscpd: "PIN_AT_PILOT_FREEZE"
